<?xml version="1.0" encoding="UTF-8" standalone="yes" ?>
<CodeBlocks_project_file>
	<FileVersion major="1" minor="6" />
	<Project>
		<Option title="example_01" />
		<Option pch_mode="2" />
		<Option compiler="gcc" />
		<Build>
			<Target title="Debug">
				<Option output="bin/Debug/example_01" prefix_auto="1" extension_auto="1" />
				<Option object_output="obj/Debug/" />
				<Option type="1" />
				<Option compiler="gcc" />
				<Compiler>
					<Add option="-g" />
				</Compiler>
			</Target>
			<Target title="Release">
				<Option output="bin/Release/example_01" prefix_auto="1" extension_auto="1" />
				<Option object_output="obj/Release/" />
				<Option type="1" />
				<Option compiler="gcc" />
				<Compiler>
					<Add option="-O2" />
				</Compiler>
				<Linker>
					<Add option="-s" />
				</Linker>
			</Target>
		</Build>
		<Compiler>
			<Add option="-Wall" />
			<Add option="-fexceptions" />
		</Compiler>
		<Unit filename="../../include/CombinedNoiseBase.hpp" />
		<Unit filename="../../include/Config.hpp" />
		<Unit filename="../../include/Enums.hpp" />
		<Unit filename="../../include/FBM.hpp" />
		<Unit filename="../../include/HybridMultiFractal.hpp" />
		<Unit filename="../../include/NoiseBase.hpp" />
		<Unit filename="../../include/NoiseTools.hpp" />
		<Unit filename="../../include/Perlin2D.hpp" />
		<Unit filename="../../include/Perlin3D.hpp" />
		<Unit filename="../../include/Perlin4D.hpp" />
		<Unit filename="../../include/Simplex2D.hpp" />
		<Unit filename="../../include/Simplex3D.hpp" />
		<Unit filename="../../include/Simplex4D.hpp" />
		<Unit filename="../../include/Worley2D.hpp" />
		<Unit filename="../../src/CombinedNoiseBase.cpp" />
		<Unit filename="../../src/FBM.cpp" />
		<Unit filename="../../src/HybridMultiFractal.cpp" />
		<Unit filename="../../src/NoiseBase.cpp" />
		<Unit filename="../../src/NoiseTools.cpp" />
		<Unit filename="../../src/Perlin2D.cpp" />
		<Unit filename="../../src/Perlin3D.cpp" />
		<Unit filename="../../src/Perlin4D.cpp" />
		<Unit filename="../../src/Simplex2D.cpp" />
		<Unit filename="../../src/Simplex3D.cpp" />
		<Unit filename="../../src/Simplex4D.cpp" />
		<Unit filename="../../src/Worley2D.cpp" />
		<Unit filename="../common/CImg.h" />
		<Unit filename="main.cpp" />
		<Extensions>
			<code_completion />
			<envvars />
			<debugger />
			<lib_finder disable_auto="1" />
		</Extensions>
	</Project>
</CodeBlocks_project_file>
